
Microsoft Visual Studio Solution File, Format Version 12.00
# Visual Studio Version 17
VisualStudioVersion = 17.7.34003.232
MinimumVisualStudioVersion = 10.0.40219.1
Project("{FAE04EC0-301F-11D3-BF4B-00C04F79EFBC}") = "SlangNet", "SlangNet\SlangNet.csproj", "{C8AAD5AA-9DFF-418F-86A6-5D883FD0B9B3}"
EndProject
Project("{FAE04EC0-301F-11D3-BF4B-00C04F79EFBC}") = "SlangNet.Tests", "SlangNet.Tests\SlangNet.Tests.csproj", "{FE27AB99-E5E2-4900-93AD-0F19F7F1C25A}"
EndProject
Global
	GlobalSection(SolutionConfigurationPlatforms) = preSolution
		Debug|Any CPU = Debug|Any CPU
		Release|Any CPU = Release|Any CPU
	EndGlobalSection
	GlobalSection(ProjectConfigurationPlatforms) = postSolution
		{C8AAD5AA-9DFF-418F-86A6-5D883FD0B9B3}.Debug|Any CPU.ActiveCfg = Debug|Any CPU
		{C8AAD5AA-9DFF-418F-86A6-5D883FD0B9B3}.Debug|Any CPU.Build.0 = Debug|Any CPU
		{C8AAD5AA-9DFF-418F-86A6-5D883FD0B9B3}.Release|Any CPU.ActiveCfg = Release|Any CPU
		{C8AAD5AA-9DFF-418F-86A6-5D883FD0B9B3}.Release|Any CPU.Build.0 = Release|Any CPU
		{FE27AB99-E5E2-4900-93AD-0F19F7F1C25A}.Debug|Any CPU.ActiveCfg = Debug|Any CPU
		{FE27AB99-E5E2-4900-93AD-0F19F7F1C25A}.Debug|Any CPU.Build.0 = Debug|Any CPU
		{FE27AB99-E5E2-4900-93AD-0F19F7F1C25A}.Release|Any CPU.ActiveCfg = Release|Any CPU
		{FE27AB99-E5E2-4900-93AD-0F19F7F1C25A}.Release|Any CPU.Build.0 = Release|Any CPU
	EndGlobalSection
	GlobalSection(SolutionProperties) = preSolution
		HideSolutionNode = FALSE
	EndGlobalSection
	GlobalSection(ExtensibilityGlobals) = postSolution
		SolutionGuid = {4A76EC01-CE0D-4E15-ACD3-FB86A95BCA4C}
	EndGlobalSection
EndGlobal
