
Microsoft Visual Studio Solution File, Format Version 12.00
# Visual Studio Version 17
VisualStudioVersion = 17.7.34003.232
MinimumVisualStudioVersion = 10.0.40219.1
Project("{2150E333-8FDC-42A3-9474-1A3956D46DE8}") = "Native", "Native", "{2D13B3DD-13B4-478B-A938-4CE73670CE60}"
	ProjectSection(SolutionItems) = preProject
		SlangNet.Native\Directory.Build.targets = SlangNet.Native\Directory.Build.targets
		SlangNet.Native\HackyRuntimeCopy.targets = SlangNet.Native\HackyRuntimeCopy.targets
		SlangNet.Native\NativePackageReadme.md = SlangNet.Native\NativePackageReadme.md
	EndProjectSection
EndProject
Project("{9A19103F-16F7-4668-BE54-9A1E7A4F7556}") = "SlangNet.Native.linux-x64", "SlangNet.Native\SlangNet.Native.linux-x64\SlangNet.Native.linux-x64.csproj", "{340FA577-9996-4067-994C-1B93E1DD2488}"
EndProject
Project("{9A19103F-16F7-4668-BE54-9A1E7A4F7556}") = "SlangNet.Native.osx-arm64", "SlangNet.Native\SlangNet.Native.osx-arm64\SlangNet.Native.osx-arm64.csproj", "{838F2E9F-4152-4445-BCEF-122839CF322C}"
EndProject
Project("{9A19103F-16F7-4668-BE54-9A1E7A4F7556}") = "SlangNet.Native.osx-x64", "SlangNet.Native\SlangNet.Native.osx-x64\SlangNet.Native.osx-x64.csproj", "{2F704325-0315-4F42-BAA9-5EAC013865D3}"
EndProject
Project("{9A19103F-16F7-4668-BE54-9A1E7A4F7556}") = "SlangNet.Native.win-arm64", "SlangNet.Native\SlangNet.Native.win-arm64\SlangNet.Native.win-arm64.csproj", "{6BEA2F35-5095-484B-895B-A50824CA100C}"
EndProject
Project("{9A19103F-16F7-4668-BE54-9A1E7A4F7556}") = "SlangNet.Native.win-x64", "SlangNet.Native\SlangNet.Native.win-x64\SlangNet.Native.win-x64.csproj", "{0FD0D37E-468C-407E-9756-D98ABCE38C79}"
EndProject
Project("{9A19103F-16F7-4668-BE54-9A1E7A4F7556}") = "SlangNet.Native.win-x86", "SlangNet.Native\SlangNet.Native.win-x86\SlangNet.Native.win-x86.csproj", "{B14E9EDD-99E7-44E0-BDDE-00AA81B5472F}"
EndProject
Project("{2150E333-8FDC-42A3-9474-1A3956D46DE8}") = "Solution Items", "Solution Items", "{ADD346F6-8A0A-40E0-B6C2-D06710C867A3}"
	ProjectSection(SolutionItems) = preProject
		Directory.Build.props = Directory.Build.props
	EndProjectSection
EndProject
Project("{9A19103F-16F7-4668-BE54-9A1E7A4F7556}") = "SlangNet.Bindings", "SlangNet.Bindings\SlangNet.Bindings.csproj", "{36C8A3DE-A72A-43B7-9023-B35DA2241AE1}"
EndProject
Project("{9A19103F-16F7-4668-BE54-9A1E7A4F7556}") = "SlangNet", "SlangNet\SlangNet.csproj", "{4F754768-5AD8-46CA-8701-4818AE8CC393}"
EndProject
Project("{2150E333-8FDC-42A3-9474-1A3956D46DE8}") = "Examples", "Examples", "{C6C1C38C-1298-444D-B383-E7B97BFD7C54}"
	ProjectSection(SolutionItems) = preProject
		examples\README.md = examples\README.md
	EndProjectSection
EndProject
Project("{9A19103F-16F7-4668-BE54-9A1E7A4F7556}") = "SlangNet.Example.HelloWorld.Unsafe", "examples\SlangNet.Example.HelloWorld.Unsafe\SlangNet.Example.HelloWorld.Unsafe.csproj", "{C4319D33-B411-4202-8D06-100EF298C2E0}"
EndProject
Project("{9A19103F-16F7-4668-BE54-9A1E7A4F7556}") = "SlangNet.Pretty", "SlangNet.Pretty\SlangNet.Pretty.csproj", "{C81CD288-5E90-4105-9287-F694770B1369}"
EndProject
Project("{9A19103F-16F7-4668-BE54-9A1E7A4F7556}") = "SlangNet.Pretty.SourceGenerator", "SlangNet.Pretty.SourceGenerator\SlangNet.Pretty.SourceGenerator.csproj", "{7BB40E72-E475-4C46-98BD-F0D4EA20DBF8}"
EndProject
Project("{2150E333-8FDC-42A3-9474-1A3956D46DE8}") = "Tests", "Tests", "{4A6B9893-5FE6-419E-82C7-A31A5A7ECC78}"
	ProjectSection(SolutionItems) = preProject
		SlangNet.Tests\CommonSlangNetTests.targets = SlangNet.Tests\CommonSlangNetTests.targets
	EndProjectSection
EndProject
Project("{9A19103F-16F7-4668-BE54-9A1E7A4F7556}") = "SlangNet.Tests.2.0", "SlangNet.Tests\SlangNet.Tests.2.0\SlangNet.Tests.2.0.csproj", "{17A4B9C9-E595-42E3-B49D-09C26871C692}"
EndProject
Project("{9A19103F-16F7-4668-BE54-9A1E7A4F7556}") = "SlangNet.Tests.2.1", "SlangNet.Tests\SlangNet.Tests.2.1\SlangNet.Tests.2.1.csproj", "{238ADC42-92F4-49AC-8D2C-2029AB484211}"
EndProject
Project("{D954291E-2A0B-460D-934E-DC6B0785DB48}") = "SlangNet.Tests.Shared", "SlangNet.Tests\SlangNet.Tests.Shared\SlangNet.Tests.Shared.shproj", "{BE320E4F-1ED3-45BC-B3CD-E25721A17A25}"
EndProject
Project("{9A19103F-16F7-4668-BE54-9A1E7A4F7556}") = "SlangNet.Example.HelloWorld", "examples\SlangNet.Example.HelloWorld\SlangNet.Example.HelloWorld.csproj", "{C2E63985-09C3-48B4-A414-E827F791B23B}"
EndProject
Project("{FAE04EC0-301F-11D3-BF4B-00C04F79EFBC}") = "SlangNet.RHI.Bindings", "SlangNet.RHI.Bindings\SlangNet.RHI.Bindings.csproj", "{EAEB5242-DA0B-4E89-886B-A0C8B0509636}"
EndProject
Global
	GlobalSection(SolutionConfigurationPlatforms) = preSolution
		Debug|Any CPU = Debug|Any CPU
		Release|Any CPU = Release|Any CPU
	EndGlobalSection
	GlobalSection(ProjectConfigurationPlatforms) = postSolution
		{340FA577-9996-4067-994C-1B93E1DD2488}.Debug|Any CPU.ActiveCfg = Debug|Any CPU
		{340FA577-9996-4067-994C-1B93E1DD2488}.Debug|Any CPU.Build.0 = Debug|Any CPU
		{340FA577-9996-4067-994C-1B93E1DD2488}.Release|Any CPU.ActiveCfg = Release|Any CPU
		{340FA577-9996-4067-994C-1B93E1DD2488}.Release|Any CPU.Build.0 = Release|Any CPU
		{838F2E9F-4152-4445-BCEF-122839CF322C}.Debug|Any CPU.ActiveCfg = Debug|Any CPU
		{838F2E9F-4152-4445-BCEF-122839CF322C}.Debug|Any CPU.Build.0 = Debug|Any CPU
		{838F2E9F-4152-4445-BCEF-122839CF322C}.Release|Any CPU.ActiveCfg = Release|Any CPU
		{838F2E9F-4152-4445-BCEF-122839CF322C}.Release|Any CPU.Build.0 = Release|Any CPU
		{2F704325-0315-4F42-BAA9-5EAC013865D3}.Debug|Any CPU.ActiveCfg = Debug|Any CPU
		{2F704325-0315-4F42-BAA9-5EAC013865D3}.Debug|Any CPU.Build.0 = Debug|Any CPU
		{2F704325-0315-4F42-BAA9-5EAC013865D3}.Release|Any CPU.ActiveCfg = Release|Any CPU
		{2F704325-0315-4F42-BAA9-5EAC013865D3}.Release|Any CPU.Build.0 = Release|Any CPU
		{6BEA2F35-5095-484B-895B-A50824CA100C}.Debug|Any CPU.ActiveCfg = Debug|Any CPU
		{6BEA2F35-5095-484B-895B-A50824CA100C}.Debug|Any CPU.Build.0 = Debug|Any CPU
		{6BEA2F35-5095-484B-895B-A50824CA100C}.Release|Any CPU.ActiveCfg = Release|Any CPU
		{6BEA2F35-5095-484B-895B-A50824CA100C}.Release|Any CPU.Build.0 = Release|Any CPU
		{0FD0D37E-468C-407E-9756-D98ABCE38C79}.Debug|Any CPU.ActiveCfg = Debug|Any CPU
		{0FD0D37E-468C-407E-9756-D98ABCE38C79}.Debug|Any CPU.Build.0 = Debug|Any CPU
		{0FD0D37E-468C-407E-9756-D98ABCE38C79}.Release|Any CPU.ActiveCfg = Release|Any CPU
		{0FD0D37E-468C-407E-9756-D98ABCE38C79}.Release|Any CPU.Build.0 = Release|Any CPU
		{B14E9EDD-99E7-44E0-BDDE-00AA81B5472F}.Debug|Any CPU.ActiveCfg = Debug|Any CPU
		{B14E9EDD-99E7-44E0-BDDE-00AA81B5472F}.Debug|Any CPU.Build.0 = Debug|Any CPU
		{B14E9EDD-99E7-44E0-BDDE-00AA81B5472F}.Release|Any CPU.ActiveCfg = Release|Any CPU
		{B14E9EDD-99E7-44E0-BDDE-00AA81B5472F}.Release|Any CPU.Build.0 = Release|Any CPU
		{36C8A3DE-A72A-43B7-9023-B35DA2241AE1}.Debug|Any CPU.ActiveCfg = Debug|Any CPU
		{36C8A3DE-A72A-43B7-9023-B35DA2241AE1}.Debug|Any CPU.Build.0 = Debug|Any CPU
		{36C8A3DE-A72A-43B7-9023-B35DA2241AE1}.Release|Any CPU.ActiveCfg = Release|Any CPU
		{36C8A3DE-A72A-43B7-9023-B35DA2241AE1}.Release|Any CPU.Build.0 = Release|Any CPU
		{4F754768-5AD8-46CA-8701-4818AE8CC393}.Debug|Any CPU.ActiveCfg = Debug|Any CPU
		{4F754768-5AD8-46CA-8701-4818AE8CC393}.Debug|Any CPU.Build.0 = Debug|Any CPU
		{4F754768-5AD8-46CA-8701-4818AE8CC393}.Release|Any CPU.ActiveCfg = Release|Any CPU
		{4F754768-5AD8-46CA-8701-4818AE8CC393}.Release|Any CPU.Build.0 = Release|Any CPU
		{C4319D33-B411-4202-8D06-100EF298C2E0}.Debug|Any CPU.ActiveCfg = Debug|Any CPU
		{C4319D33-B411-4202-8D06-100EF298C2E0}.Debug|Any CPU.Build.0 = Debug|Any CPU
		{C4319D33-B411-4202-8D06-100EF298C2E0}.Release|Any CPU.ActiveCfg = Release|Any CPU
		{C4319D33-B411-4202-8D06-100EF298C2E0}.Release|Any CPU.Build.0 = Release|Any CPU
		{C81CD288-5E90-4105-9287-F694770B1369}.Debug|Any CPU.ActiveCfg = Debug|Any CPU
		{C81CD288-5E90-4105-9287-F694770B1369}.Debug|Any CPU.Build.0 = Debug|Any CPU
		{C81CD288-5E90-4105-9287-F694770B1369}.Release|Any CPU.ActiveCfg = Release|Any CPU
		{C81CD288-5E90-4105-9287-F694770B1369}.Release|Any CPU.Build.0 = Release|Any CPU
		{7BB40E72-E475-4C46-98BD-F0D4EA20DBF8}.Debug|Any CPU.ActiveCfg = Debug|Any CPU
		{7BB40E72-E475-4C46-98BD-F0D4EA20DBF8}.Debug|Any CPU.Build.0 = Debug|Any CPU
		{7BB40E72-E475-4C46-98BD-F0D4EA20DBF8}.Release|Any CPU.ActiveCfg = Release|Any CPU
		{7BB40E72-E475-4C46-98BD-F0D4EA20DBF8}.Release|Any CPU.Build.0 = Release|Any CPU
		{17A4B9C9-E595-42E3-B49D-09C26871C692}.Debug|Any CPU.ActiveCfg = Debug|Any CPU
		{17A4B9C9-E595-42E3-B49D-09C26871C692}.Debug|Any CPU.Build.0 = Debug|Any CPU
		{17A4B9C9-E595-42E3-B49D-09C26871C692}.Release|Any CPU.ActiveCfg = Release|Any CPU
		{17A4B9C9-E595-42E3-B49D-09C26871C692}.Release|Any CPU.Build.0 = Release|Any CPU
		{238ADC42-92F4-49AC-8D2C-2029AB484211}.Debug|Any CPU.ActiveCfg = Debug|Any CPU
		{238ADC42-92F4-49AC-8D2C-2029AB484211}.Debug|Any CPU.Build.0 = Debug|Any CPU
		{238ADC42-92F4-49AC-8D2C-2029AB484211}.Release|Any CPU.ActiveCfg = Release|Any CPU
		{238ADC42-92F4-49AC-8D2C-2029AB484211}.Release|Any CPU.Build.0 = Release|Any CPU
		{C2E63985-09C3-48B4-A414-E827F791B23B}.Debug|Any CPU.ActiveCfg = Debug|Any CPU
		{C2E63985-09C3-48B4-A414-E827F791B23B}.Debug|Any CPU.Build.0 = Debug|Any CPU
		{C2E63985-09C3-48B4-A414-E827F791B23B}.Release|Any CPU.ActiveCfg = Release|Any CPU
		{C2E63985-09C3-48B4-A414-E827F791B23B}.Release|Any CPU.Build.0 = Release|Any CPU
		{EAEB5242-DA0B-4E89-886B-A0C8B0509636}.Debug|Any CPU.ActiveCfg = Debug|Any CPU
		{EAEB5242-DA0B-4E89-886B-A0C8B0509636}.Debug|Any CPU.Build.0 = Debug|Any CPU
		{EAEB5242-DA0B-4E89-886B-A0C8B0509636}.Release|Any CPU.ActiveCfg = Release|Any CPU
		{EAEB5242-DA0B-4E89-886B-A0C8B0509636}.Release|Any CPU.Build.0 = Release|Any CPU
	EndGlobalSection
	GlobalSection(SolutionProperties) = preSolution
		HideSolutionNode = FALSE
	EndGlobalSection
	GlobalSection(NestedProjects) = preSolution
		{340FA577-9996-4067-994C-1B93E1DD2488} = {2D13B3DD-13B4-478B-A938-4CE73670CE60}
		{838F2E9F-4152-4445-BCEF-122839CF322C} = {2D13B3DD-13B4-478B-A938-4CE73670CE60}
		{2F704325-0315-4F42-BAA9-5EAC013865D3} = {2D13B3DD-13B4-478B-A938-4CE73670CE60}
		{6BEA2F35-5095-484B-895B-A50824CA100C} = {2D13B3DD-13B4-478B-A938-4CE73670CE60}
		{0FD0D37E-468C-407E-9756-D98ABCE38C79} = {2D13B3DD-13B4-478B-A938-4CE73670CE60}
		{B14E9EDD-99E7-44E0-BDDE-00AA81B5472F} = {2D13B3DD-13B4-478B-A938-4CE73670CE60}
		{C4319D33-B411-4202-8D06-100EF298C2E0} = {C6C1C38C-1298-444D-B383-E7B97BFD7C54}
		{17A4B9C9-E595-42E3-B49D-09C26871C692} = {4A6B9893-5FE6-419E-82C7-A31A5A7ECC78}
		{238ADC42-92F4-49AC-8D2C-2029AB484211} = {4A6B9893-5FE6-419E-82C7-A31A5A7ECC78}
		{BE320E4F-1ED3-45BC-B3CD-E25721A17A25} = {4A6B9893-5FE6-419E-82C7-A31A5A7ECC78}
		{C2E63985-09C3-48B4-A414-E827F791B23B} = {C6C1C38C-1298-444D-B383-E7B97BFD7C54}
	EndGlobalSection
	GlobalSection(ExtensibilityGlobals) = postSolution
		SolutionGuid = {4A76EC01-CE0D-4E15-ACD3-FB86A95BCA4C}
	EndGlobalSection
	GlobalSection(SharedMSBuildProjectFiles) = preSolution
		SlangNet.Tests\SlangNet.Tests.Shared\SlangNet.Tests.Shared.projitems*{17a4b9c9-e595-42e3-b49d-09c26871c692}*SharedItemsImports = 5
		SlangNet.Tests\SlangNet.Tests.Shared\SlangNet.Tests.Shared.projitems*{238adc42-92f4-49ac-8d2c-2029ab484211}*SharedItemsImports = 5
		SlangNet.Tests\SlangNet.Tests.Shared\SlangNet.Tests.Shared.projitems*{be320e4f-1ed3-45bc-b3cd-e25721a17a25}*SharedItemsImports = 13
	EndGlobalSection
EndGlobal
